
Microsoft Visual Studio Solution File, Format Version 12.00
# Visual Studio 2013
VisualStudioVersion = 12.0.21005.1
MinimumVisualStudioVersion = 10.0.40219.1
Project("{FAE04EC0-301F-11D3-BF4B-00C04F79EFBC}") = "OOP", "OOP\OOP.csproj", "{C72318C7-7C1E-44D6-9960-602EA8B19BB0}"
EndProject
Project("{FAE04EC0-301F-11D3-BF4B-00C04F79EFBC}") = "KurvClass", "KurvClass\KurvClass.csproj", "{A194C798-0DFF-4B2D-AF27-4D2B1D0ADA0A}"
EndProject
Global
	GlobalSection(SolutionConfigurationPlatforms) = preSolution
		Debug|Any CPU = Debug|Any CPU
		Release|Any CPU = Release|Any CPU
	EndGlobalSection
	GlobalSection(ProjectConfigurationPlatforms) = postSolution
		{C72318C7-7C1E-44D6-9960-602EA8B19BB0}.Debug|Any CPU.ActiveCfg = Debug|Any CPU
		{C72318C7-7C1E-44D6-9960-602EA8B19BB0}.Debug|Any CPU.Build.0 = Debug|Any CPU
		{C72318C7-7C1E-44D6-9960-602EA8B19BB0}.Release|Any CPU.ActiveCfg = Release|Any CPU
		{C72318C7-7C1E-44D6-9960-602EA8B19BB0}.Release|Any CPU.Build.0 = Release|Any CPU
		{A194C798-0DFF-4B2D-AF27-4D2B1D0ADA0A}.Debug|Any CPU.ActiveCfg = Debug|Any CPU
		{A194C798-0DFF-4B2D-AF27-4D2B1D0ADA0A}.Debug|Any CPU.Build.0 = Debug|Any CPU
		{A194C798-0DFF-4B2D-AF27-4D2B1D0ADA0A}.Release|Any CPU.ActiveCfg = Release|Any CPU
		{A194C798-0DFF-4B2D-AF27-4D2B1D0ADA0A}.Release|Any CPU.Build.0 = Release|Any CPU
	EndGlobalSection
	GlobalSection(SolutionProperties) = preSolution
		HideSolutionNode = FALSE
	EndGlobalSection
EndGlobal
